
Microsoft Visual Studio Solution File, Format Version 12.00
# Visual Studio Version 17
VisualStudioVersion = 17.7.34024.191
MinimumVisualStudioVersion = 10.0.40219.1
Project("{FAE04EC0-301F-11D3-BF4B-00C04F79EFBC}") = "DemoLibrary", "DemoLibrary\DemoLibrary.csproj", "{68CB2671-9B49-44F4-9B93-8F0935E43182}"
EndProject
Project("{FAE04EC0-301F-11D3-BF4B-00C04F79EFBC}") = "ConsoleUI", "ConsoleUI\ConsoleUI.csproj", "{6E7B58B6-9A91-492D-9111-CD823B7EA578}"
EndProject
Project("{FAE04EC0-301F-11D3-BF4B-00C04F79EFBC}") = "WinFormsUAY", "WinFormsUAY\WinFormsUAY.csproj", "{FC552AE2-A44D-4B7E-82CF-13FA6480857D}"
EndProject
Global
	GlobalSection(SolutionConfigurationPlatforms) = preSolution
		Debug|Any CPU = Debug|Any CPU
		Release|Any CPU = Release|Any CPU
	EndGlobalSection
	GlobalSection(ProjectConfigurationPlatforms) = postSolution
		{68CB2671-9B49-44F4-9B93-8F0935E43182}.Debug|Any CPU.ActiveCfg = Debug|Any CPU
		{68CB2671-9B49-44F4-9B93-8F0935E43182}.Debug|Any CPU.Build.0 = Debug|Any CPU
		{68CB2671-9B49-44F4-9B93-8F0935E43182}.Release|Any CPU.ActiveCfg = Release|Any CPU
		{68CB2671-9B49-44F4-9B93-8F0935E43182}.Release|Any CPU.Build.0 = Release|Any CPU
		{6E7B58B6-9A91-492D-9111-CD823B7EA578}.Debug|Any CPU.ActiveCfg = Debug|Any CPU
		{6E7B58B6-9A91-492D-9111-CD823B7EA578}.Debug|Any CPU.Build.0 = Debug|Any CPU
		{6E7B58B6-9A91-492D-9111-CD823B7EA578}.Release|Any CPU.ActiveCfg = Release|Any CPU
		{6E7B58B6-9A91-492D-9111-CD823B7EA578}.Release|Any CPU.Build.0 = Release|Any CPU
		{FC552AE2-A44D-4B7E-82CF-13FA6480857D}.Debug|Any CPU.ActiveCfg = Debug|Any CPU
		{FC552AE2-A44D-4B7E-82CF-13FA6480857D}.Debug|Any CPU.Build.0 = Debug|Any CPU
		{FC552AE2-A44D-4B7E-82CF-13FA6480857D}.Release|Any CPU.ActiveCfg = Release|Any CPU
		{FC552AE2-A44D-4B7E-82CF-13FA6480857D}.Release|Any CPU.Build.0 = Release|Any CPU
	EndGlobalSection
	GlobalSection(SolutionProperties) = preSolution
		HideSolutionNode = FALSE
	EndGlobalSection
	GlobalSection(ExtensibilityGlobals) = postSolution
		SolutionGuid = {125C05C7-A30D-490D-8813-1305EADBF4C5}
	EndGlobalSection
EndGlobal
